schema: '2.0'
stages:
  load_data:
    cmd: python src\load_data.py --config=params.yaml
    deps:
    - path: data_given\EnergyData.csv
      md5: 50cf52a02c2de40a1513827af21ef16b
      size: 37224
    - path: src\get_data.py
      md5: 4eb0cb55b8fbb45f31a44d7b18566c69
      size: 679
    - path: src\load_data.py
      md5: 14ee0d84018ab66c9196fbcc2a7d3415
      size: 896
    outs:
    - path: data\raw\EnergyData.csv
      md5: a05db93d71d558b94bd0094ea5bb527d
      size: 37065
  split_data:
    cmd: python src\split_data.py --config=params.yaml
    deps:
    - path: data\raw\EnergyData.csv
      md5: a05db93d71d558b94bd0094ea5bb527d
      size: 37065
    - path: src\split_data.py
      md5: 5ae95f1bc5badf776e0fa16fad144a27
      size: 1107
    outs:
    - path: data\processed\test_EnergyData.csv
      md5: c68736bb4bce06764b8a65d2778be4a1
      size: 7539
    - path: data\processed\train_EnergyData.csv
      md5: c6915d18f4370bf1ec4169fcaff0e03c
      size: 29673
  train_and_evaluate:
    cmd: python src\train_and_evaluate.py --config=params.yaml
    deps:
    - path: data\processed\test_EnergyData.csv
      md5: c68736bb4bce06764b8a65d2778be4a1
      size: 7539
    - path: data\processed\train_EnergyData.csv
      md5: c6915d18f4370bf1ec4169fcaff0e03c
      size: 29673
    - path: src\train_and_evaluate.py
      md5: c3ca001fbc46bc0bc8d53e88c4303c78
      size: 3933
    params:
      params.yaml:
        estimators.RandomForestRegressor.params.max_depth: 85
        estimators.RandomForestRegressor.params.max_features: 2
        estimators.RandomForestRegressor.params.n_estimators: 350
    outs:
    - path: reports\params.json
      md5: f30e77d86e0c3e0e64ba63909535c35b
      size: 75
    - path: reports\scores.json
      md5: fd9b554a604b65279e6553602a07dbff
      size: 202
    - path: saved_model\model.joblib
      md5: eca1e4a197dc71e7a3bd939da04952d9
      size: 17296189
    - path: saved_model\model2.joblib
      md5: 92d0a672d426e352d50da3422311e4c6
      size: 17362109
